
Microsoft Visual Studio Solution File, Format Version 12.00
# Visual Studio 15
VisualStudioVersion = 15.0.26124.0
MinimumVisualStudioVersion = 15.0.26124.0
Project("{2150E333-8FDC-42A3-9474-1A3956D46DE8}") = "src", "src", "{764C700D-4F5F-42F6-B49A-28D5D9652D97}"
EndProject
Project("{FAE04EC0-301F-11D3-BF4B-00C04F79EFBC}") = "CommandAPI", "src\CommandAPI\CommandAPI.csproj", "{F57C3FB8-5546-46F0-BEA0-C2D61AA1FFD9}"
EndProject
Project("{2150E333-8FDC-42A3-9474-1A3956D46DE8}") = "test", "test", "{A0CABFFB-DB5D-40DA-9240-7684AEF39175}"
EndProject
Project("{FAE04EC0-301F-11D3-BF4B-00C04F79EFBC}") = "CommandAPI.Tests", "test\CommandAPI.Tests\CommandAPI.Tests.csproj", "{A8DF7EA8-1E07-4724-96B6-C1FBB8252872}"
EndProject
Global
	GlobalSection(SolutionConfigurationPlatforms) = preSolution
		Debug|Any CPU = Debug|Any CPU
		Debug|x64 = Debug|x64
		Debug|x86 = Debug|x86
		Release|Any CPU = Release|Any CPU
		Release|x64 = Release|x64
		Release|x86 = Release|x86
	EndGlobalSection
	GlobalSection(SolutionProperties) = preSolution
		HideSolutionNode = FALSE
	EndGlobalSection
	GlobalSection(ProjectConfigurationPlatforms) = postSolution
		{F57C3FB8-5546-46F0-BEA0-C2D61AA1FFD9}.Debug|Any CPU.ActiveCfg = Debug|Any CPU
		{F57C3FB8-5546-46F0-BEA0-C2D61AA1FFD9}.Debug|Any CPU.Build.0 = Debug|Any CPU
		{F57C3FB8-5546-46F0-BEA0-C2D61AA1FFD9}.Debug|x64.ActiveCfg = Debug|Any CPU
		{F57C3FB8-5546-46F0-BEA0-C2D61AA1FFD9}.Debug|x64.Build.0 = Debug|Any CPU
		{F57C3FB8-5546-46F0-BEA0-C2D61AA1FFD9}.Debug|x86.ActiveCfg = Debug|Any CPU
		{F57C3FB8-5546-46F0-BEA0-C2D61AA1FFD9}.Debug|x86.Build.0 = Debug|Any CPU
		{F57C3FB8-5546-46F0-BEA0-C2D61AA1FFD9}.Release|Any CPU.ActiveCfg = Release|Any CPU
		{F57C3FB8-5546-46F0-BEA0-C2D61AA1FFD9}.Release|Any CPU.Build.0 = Release|Any CPU
		{F57C3FB8-5546-46F0-BEA0-C2D61AA1FFD9}.Release|x64.ActiveCfg = Release|Any CPU
		{F57C3FB8-5546-46F0-BEA0-C2D61AA1FFD9}.Release|x64.Build.0 = Release|Any CPU
		{F57C3FB8-5546-46F0-BEA0-C2D61AA1FFD9}.Release|x86.ActiveCfg = Release|Any CPU
		{F57C3FB8-5546-46F0-BEA0-C2D61AA1FFD9}.Release|x86.Build.0 = Release|Any CPU
		{A8DF7EA8-1E07-4724-96B6-C1FBB8252872}.Debug|Any CPU.ActiveCfg = Debug|Any CPU
		{A8DF7EA8-1E07-4724-96B6-C1FBB8252872}.Debug|Any CPU.Build.0 = Debug|Any CPU
		{A8DF7EA8-1E07-4724-96B6-C1FBB8252872}.Debug|x64.ActiveCfg = Debug|Any CPU
		{A8DF7EA8-1E07-4724-96B6-C1FBB8252872}.Debug|x64.Build.0 = Debug|Any CPU
		{A8DF7EA8-1E07-4724-96B6-C1FBB8252872}.Debug|x86.ActiveCfg = Debug|Any CPU
		{A8DF7EA8-1E07-4724-96B6-C1FBB8252872}.Debug|x86.Build.0 = Debug|Any CPU
		{A8DF7EA8-1E07-4724-96B6-C1FBB8252872}.Release|Any CPU.ActiveCfg = Release|Any CPU
		{A8DF7EA8-1E07-4724-96B6-C1FBB8252872}.Release|Any CPU.Build.0 = Release|Any CPU
		{A8DF7EA8-1E07-4724-96B6-C1FBB8252872}.Release|x64.ActiveCfg = Release|Any CPU
		{A8DF7EA8-1E07-4724-96B6-C1FBB8252872}.Release|x64.Build.0 = Release|Any CPU
		{A8DF7EA8-1E07-4724-96B6-C1FBB8252872}.Release|x86.ActiveCfg = Release|Any CPU
		{A8DF7EA8-1E07-4724-96B6-C1FBB8252872}.Release|x86.Build.0 = Release|Any CPU
	EndGlobalSection
	GlobalSection(NestedProjects) = preSolution
		{F57C3FB8-5546-46F0-BEA0-C2D61AA1FFD9} = {764C700D-4F5F-42F6-B49A-28D5D9652D97}
		{A8DF7EA8-1E07-4724-96B6-C1FBB8252872} = {A0CABFFB-DB5D-40DA-9240-7684AEF39175}
	EndGlobalSection
EndGlobal
